
Microsoft Visual Studio Solution File, Format Version 9.00
# Visual Studio 2005
Project("{FAE04EC0-301F-11D3-BF4B-00C04F79EFBC}") = "Mimagemagick", "Mimagemagick\Mimagemagick.csproj", "{9C82A515-431A-4A59-B5F5-B55A6E0BF57D}"
EndProject
Project("{9344bdbb-3e7f-41fc-a0dd-8665d75ee146}") = "Packages", "Packages.mdproj", "{18D15C41-A6DD-4751-97F3-00B0327B9D90}"
EndProject
Global
	GlobalSection(SolutionConfigurationPlatforms) = preSolution
		Debug|Any CPU = Debug|Any CPU
		Release|Any CPU = Release|Any CPU
	EndGlobalSection
	GlobalSection(ProjectConfigurationPlatforms) = postSolution
		{18D15C41-A6DD-4751-97F3-00B0327B9D90}.Debug|Any CPU.ActiveCfg = Debug|Any CPU
		{18D15C41-A6DD-4751-97F3-00B0327B9D90}.Debug|Any CPU.Build.0 = Debug|Any CPU
		{18D15C41-A6DD-4751-97F3-00B0327B9D90}.Release|Any CPU.ActiveCfg = Release|Any CPU
		{18D15C41-A6DD-4751-97F3-00B0327B9D90}.Release|Any CPU.Build.0 = Release|Any CPU
		{9C82A515-431A-4A59-B5F5-B55A6E0BF57D}.Debug|Any CPU.ActiveCfg = Debug|Any CPU
		{9C82A515-431A-4A59-B5F5-B55A6E0BF57D}.Debug|Any CPU.Build.0 = Debug|Any CPU
		{9C82A515-431A-4A59-B5F5-B55A6E0BF57D}.Release|Any CPU.ActiveCfg = Release|Any CPU
		{9C82A515-431A-4A59-B5F5-B55A6E0BF57D}.Release|Any CPU.Build.0 = Release|Any CPU
	EndGlobalSection
	GlobalSection(MonoDevelopProperties) = preSolution
		StartupItem = Mimagemagick\Mimagemagick.csproj
	EndGlobalSection
EndGlobal
